
Microsoft Visual Studio Solution File, Format Version 12.00
# Visual Studio 2015
Project("{FAE04EC0-301F-11D3-BF4B-00C04F79EFBC}") = "FinalCharacter.CSharp", "FinalCharacter.CSharp.csproj", "{4CA56A9B-6E4B-2E16-BBE6-3484CC6F1105}"
EndProject
Global
	GlobalSection(SolutionConfigurationPlatforms) = preSolution
		Debug|Any CPU = Debug|Any CPU
		Release|Any CPU = Release|Any CPU
	EndGlobalSection
	GlobalSection(ProjectConfigurationPlatforms) = postSolution
		{4CA56A9B-6E4B-2E16-BBE6-3484CC6F1105}.Debug|Any CPU.ActiveCfg = Debug|Any CPU
		{4CA56A9B-6E4B-2E16-BBE6-3484CC6F1105}.Debug|Any CPU.Build.0 = Debug|Any CPU
		{4CA56A9B-6E4B-2E16-BBE6-3484CC6F1105}.Release|Any CPU.ActiveCfg = Release|Any CPU
		{4CA56A9B-6E4B-2E16-BBE6-3484CC6F1105}.Release|Any CPU.Build.0 = Release|Any CPU
	EndGlobalSection
	GlobalSection(SolutionProperties) = preSolution
		HideSolutionNode = FALSE
	EndGlobalSection
EndGlobal
