
Microsoft Visual Studio Solution File, Format Version 12.00
# Visual Studio 2015
Project("{FAE04EC0-301F-11D3-BF4B-00C04F79EFBC}") = "FinalCharacter-2.CSharp", "FinalCharacter-2.CSharp.csproj", "{3227588B-DEF7-F8D4-24DD-04380F8237E0}"
EndProject
Global
	GlobalSection(SolutionConfigurationPlatforms) = preSolution
		Debug|Any CPU = Debug|Any CPU
		Release|Any CPU = Release|Any CPU
	EndGlobalSection
	GlobalSection(ProjectConfigurationPlatforms) = postSolution
		{3227588B-DEF7-F8D4-24DD-04380F8237E0}.Debug|Any CPU.ActiveCfg = Debug|Any CPU
		{3227588B-DEF7-F8D4-24DD-04380F8237E0}.Debug|Any CPU.Build.0 = Debug|Any CPU
		{3227588B-DEF7-F8D4-24DD-04380F8237E0}.Release|Any CPU.ActiveCfg = Release|Any CPU
		{3227588B-DEF7-F8D4-24DD-04380F8237E0}.Release|Any CPU.Build.0 = Release|Any CPU
	EndGlobalSection
	GlobalSection(SolutionProperties) = preSolution
		HideSolutionNode = FALSE
	EndGlobalSection
EndGlobal
