
Microsoft Visual Studio Solution File, Format Version 12.00
# Visual Studio 2015
Project("{FAE04EC0-301F-11D3-BF4B-00C04F79EFBC}") = "TreasureCollector.CSharp", "TreasureCollector.CSharp.csproj", "{EF92B97B-3749-5EBC-0DF6-BD1CC205D742}"
EndProject
Project("{FAE04EC0-301F-11D3-BF4B-00C04F79EFBC}") = "TreasureCollector.CSharp.Editor", "TreasureCollector.CSharp.Editor.csproj", "{DF041588-A0BC-B542-1FCA-4A68AD6D044E}"
EndProject
Global
	GlobalSection(SolutionConfigurationPlatforms) = preSolution
		Debug|Any CPU = Debug|Any CPU
		Release|Any CPU = Release|Any CPU
	EndGlobalSection
	GlobalSection(ProjectConfigurationPlatforms) = postSolution
		{EF92B97B-3749-5EBC-0DF6-BD1CC205D742}.Debug|Any CPU.ActiveCfg = Debug|Any CPU
		{EF92B97B-3749-5EBC-0DF6-BD1CC205D742}.Debug|Any CPU.Build.0 = Debug|Any CPU
		{EF92B97B-3749-5EBC-0DF6-BD1CC205D742}.Release|Any CPU.ActiveCfg = Release|Any CPU
		{EF92B97B-3749-5EBC-0DF6-BD1CC205D742}.Release|Any CPU.Build.0 = Release|Any CPU
		{DF041588-A0BC-B542-1FCA-4A68AD6D044E}.Debug|Any CPU.ActiveCfg = Debug|Any CPU
		{DF041588-A0BC-B542-1FCA-4A68AD6D044E}.Debug|Any CPU.Build.0 = Debug|Any CPU
		{DF041588-A0BC-B542-1FCA-4A68AD6D044E}.Release|Any CPU.ActiveCfg = Release|Any CPU
		{DF041588-A0BC-B542-1FCA-4A68AD6D044E}.Release|Any CPU.Build.0 = Release|Any CPU
	EndGlobalSection
	GlobalSection(SolutionProperties) = preSolution
		HideSolutionNode = FALSE
	EndGlobalSection
EndGlobal
